
Microsoft Visual Studio Solution File, Format Version 12.00
# Visual Studio Version 16
VisualStudioVersion = 16.0.31105.61
MinimumVisualStudioVersion = 10.0.40219.1
Project("{FAE04EC0-301F-11D3-BF4B-00C04F79EFBC}") = "ModularNetCore", "ModularNetCore.csproj", "{893B3C23-B207-4F30-AABF-2186C60AE8FD}"
EndProject
Global
	GlobalSection(SolutionConfigurationPlatforms) = preSolution
		Debug|Any CPU = Debug|Any CPU
		Release|Any CPU = Release|Any CPU
	EndGlobalSection
	GlobalSection(ProjectConfigurationPlatforms) = postSolution
		{893B3C23-B207-4F30-AABF-2186C60AE8FD}.Debug|Any CPU.ActiveCfg = Debug|Any CPU
		{893B3C23-B207-4F30-AABF-2186C60AE8FD}.Debug|Any CPU.Build.0 = Debug|Any CPU
		{893B3C23-B207-4F30-AABF-2186C60AE8FD}.Release|Any CPU.ActiveCfg = Release|Any CPU
		{893B3C23-B207-4F30-AABF-2186C60AE8FD}.Release|Any CPU.Build.0 = Release|Any CPU
	EndGlobalSection
	GlobalSection(SolutionProperties) = preSolution
		HideSolutionNode = FALSE
	EndGlobalSection
	GlobalSection(ExtensibilityGlobals) = postSolution
		SolutionGuid = {6CBE7EF9-1C72-4F4C-9676-B0673DCCB043}
	EndGlobalSection
EndGlobal
